
Microsoft Visual Studio Solution File, Format Version 12.00
# Visual Studio Version 16
VisualStudioVersion = 16.0.30413.136
MinimumVisualStudioVersion = 10.0.40219.1
Project("{FAE04EC0-301F-11D3-BF4B-00C04F79EFBC}") = "AuthenticationDave.Web", "AuthenticationDave.Web\AuthenticationDave.Web.csproj", "{2137521E-300F-4BC5-A400-80F0A9C707DB}"
EndProject
Global
	GlobalSection(SolutionConfigurationPlatforms) = preSolution
		Debug|Any CPU = Debug|Any CPU
		Release|Any CPU = Release|Any CPU
	EndGlobalSection
	GlobalSection(ProjectConfigurationPlatforms) = postSolution
		{2137521E-300F-4BC5-A400-80F0A9C707DB}.Debug|Any CPU.ActiveCfg = Debug|Any CPU
		{2137521E-300F-4BC5-A400-80F0A9C707DB}.Debug|Any CPU.Build.0 = Debug|Any CPU
		{2137521E-300F-4BC5-A400-80F0A9C707DB}.Release|Any CPU.ActiveCfg = Release|Any CPU
		{2137521E-300F-4BC5-A400-80F0A9C707DB}.Release|Any CPU.Build.0 = Release|Any CPU
	EndGlobalSection
	GlobalSection(SolutionProperties) = preSolution
		HideSolutionNode = FALSE
	EndGlobalSection
	GlobalSection(ExtensibilityGlobals) = postSolution
		SolutionGuid = {E474EA06-46DC-4825-B753-8F96A202C929}
	EndGlobalSection
EndGlobal
